
Microsoft Visual Studio Solution File, Format Version 12.00
# Visual Studio Express 2012 for Windows Desktop
Project("{FAE04EC0-301F-11D3-BF4B-00C04F79EFBC}") = "EjemploTresCapas", "EjemploTresCapas\EjemploTresCapas.csproj", "{66B7C463-038E-4A57-AAD0-E74B4F97978B}"
EndProject
Project("{FAE04EC0-301F-11D3-BF4B-00C04F79EFBC}") = "EjemploTresCapas.Dato", "EjemploTresCapas.Datos\EjemploTresCapas.Dato.csproj", "{CA31176E-761E-47A2-9EAE-FC41C48A86EA}"
EndProject
Project("{FAE04EC0-301F-11D3-BF4B-00C04F79EFBC}") = "EjemploTresCapas.Negocio", "EjemploTresCapas.Negocio\EjemploTresCapas.Negocio.csproj", "{98B68B6A-D316-46B2-916A-377B4C514BFF}"
EndProject
Project("{FAE04EC0-301F-11D3-BF4B-00C04F79EFBC}") = "EjemploTresCapas.Entidad", "EjemploTresCapas.Entidades\EjemploTresCapas.Entidad.csproj", "{94C1CEB4-4803-4F5D-80A6-405AFF547882}"
EndProject
Global
	GlobalSection(SolutionConfigurationPlatforms) = preSolution
		Debug|Any CPU = Debug|Any CPU
		Release|Any CPU = Release|Any CPU
	EndGlobalSection
	GlobalSection(ProjectConfigurationPlatforms) = postSolution
		{66B7C463-038E-4A57-AAD0-E74B4F97978B}.Debug|Any CPU.ActiveCfg = Debug|Any CPU
		{66B7C463-038E-4A57-AAD0-E74B4F97978B}.Debug|Any CPU.Build.0 = Debug|Any CPU
		{66B7C463-038E-4A57-AAD0-E74B4F97978B}.Release|Any CPU.ActiveCfg = Release|Any CPU
		{66B7C463-038E-4A57-AAD0-E74B4F97978B}.Release|Any CPU.Build.0 = Release|Any CPU
		{CA31176E-761E-47A2-9EAE-FC41C48A86EA}.Debug|Any CPU.ActiveCfg = Debug|Any CPU
		{CA31176E-761E-47A2-9EAE-FC41C48A86EA}.Debug|Any CPU.Build.0 = Debug|Any CPU
		{CA31176E-761E-47A2-9EAE-FC41C48A86EA}.Release|Any CPU.ActiveCfg = Release|Any CPU
		{CA31176E-761E-47A2-9EAE-FC41C48A86EA}.Release|Any CPU.Build.0 = Release|Any CPU
		{98B68B6A-D316-46B2-916A-377B4C514BFF}.Debug|Any CPU.ActiveCfg = Debug|Any CPU
		{98B68B6A-D316-46B2-916A-377B4C514BFF}.Debug|Any CPU.Build.0 = Debug|Any CPU
		{98B68B6A-D316-46B2-916A-377B4C514BFF}.Release|Any CPU.ActiveCfg = Release|Any CPU
		{98B68B6A-D316-46B2-916A-377B4C514BFF}.Release|Any CPU.Build.0 = Release|Any CPU
		{94C1CEB4-4803-4F5D-80A6-405AFF547882}.Debug|Any CPU.ActiveCfg = Debug|Any CPU
		{94C1CEB4-4803-4F5D-80A6-405AFF547882}.Debug|Any CPU.Build.0 = Debug|Any CPU
		{94C1CEB4-4803-4F5D-80A6-405AFF547882}.Release|Any CPU.ActiveCfg = Release|Any CPU
		{94C1CEB4-4803-4F5D-80A6-405AFF547882}.Release|Any CPU.Build.0 = Release|Any CPU
	EndGlobalSection
	GlobalSection(SolutionProperties) = preSolution
		HideSolutionNode = FALSE
	EndGlobalSection
EndGlobal
