
Microsoft Visual Studio Solution File, Format Version 12.00
# Visual Studio 2012
Project("{F184B08F-C81C-45F6-A57F-5ABD9991F28F}") = "CapaNegocio", "CapaNegocio\CapaNegocio.vbproj", "{7223A65B-EB3C-4910-85F9-DB9BBC296D03}"
EndProject
Project("{F184B08F-C81C-45F6-A57F-5ABD9991F28F}") = "CapaEntidad", "CapaEntidad\CapaEntidad.vbproj", "{8576CF8C-4F92-4CC1-BC99-35624B6AF119}"
EndProject
Project("{F184B08F-C81C-45F6-A57F-5ABD9991F28F}") = "CapaDatos", "CapaDatos\CapaDatos.vbproj", "{076557F2-76DB-4A1E-A9AA-9573F5F3E7D0}"
EndProject
Project("{F184B08F-C81C-45F6-A57F-5ABD9991F28F}") = "CapaPresentacion", "CapaPresentacion\CapaPresentacion.vbproj", "{DC24B259-757A-42D4-930B-A256E3D83FC0}"
EndProject
Global
	GlobalSection(SolutionConfigurationPlatforms) = preSolution
		Debug|Any CPU = Debug|Any CPU
		Release|Any CPU = Release|Any CPU
	EndGlobalSection
	GlobalSection(ProjectConfigurationPlatforms) = postSolution
		{7223A65B-EB3C-4910-85F9-DB9BBC296D03}.Debug|Any CPU.ActiveCfg = Debug|Any CPU
		{7223A65B-EB3C-4910-85F9-DB9BBC296D03}.Debug|Any CPU.Build.0 = Debug|Any CPU
		{7223A65B-EB3C-4910-85F9-DB9BBC296D03}.Release|Any CPU.ActiveCfg = Release|Any CPU
		{7223A65B-EB3C-4910-85F9-DB9BBC296D03}.Release|Any CPU.Build.0 = Release|Any CPU
		{8576CF8C-4F92-4CC1-BC99-35624B6AF119}.Debug|Any CPU.ActiveCfg = Debug|Any CPU
		{8576CF8C-4F92-4CC1-BC99-35624B6AF119}.Debug|Any CPU.Build.0 = Debug|Any CPU
		{8576CF8C-4F92-4CC1-BC99-35624B6AF119}.Release|Any CPU.ActiveCfg = Release|Any CPU
		{8576CF8C-4F92-4CC1-BC99-35624B6AF119}.Release|Any CPU.Build.0 = Release|Any CPU
		{076557F2-76DB-4A1E-A9AA-9573F5F3E7D0}.Debug|Any CPU.ActiveCfg = Debug|Any CPU
		{076557F2-76DB-4A1E-A9AA-9573F5F3E7D0}.Debug|Any CPU.Build.0 = Debug|Any CPU
		{076557F2-76DB-4A1E-A9AA-9573F5F3E7D0}.Release|Any CPU.ActiveCfg = Release|Any CPU
		{076557F2-76DB-4A1E-A9AA-9573F5F3E7D0}.Release|Any CPU.Build.0 = Release|Any CPU
		{DC24B259-757A-42D4-930B-A256E3D83FC0}.Debug|Any CPU.ActiveCfg = Debug|Any CPU
		{DC24B259-757A-42D4-930B-A256E3D83FC0}.Debug|Any CPU.Build.0 = Debug|Any CPU
		{DC24B259-757A-42D4-930B-A256E3D83FC0}.Release|Any CPU.ActiveCfg = Release|Any CPU
		{DC24B259-757A-42D4-930B-A256E3D83FC0}.Release|Any CPU.Build.0 = Release|Any CPU
	EndGlobalSection
	GlobalSection(SolutionProperties) = preSolution
		HideSolutionNode = FALSE
	EndGlobalSection
EndGlobal
