
Microsoft Visual Studio Solution File, Format Version 12.00
# Visual Studio 2012
Project("{F184B08F-C81C-45F6-A57F-5ABD9991F28F}") = "Tienda-AccesoDatos", "Tienda-AccesoDatos\Tienda-AccesoDatos.vbproj", "{0D849833-7F0F-438C-A8FC-171FA375FAF5}"
EndProject
Project("{F184B08F-C81C-45F6-A57F-5ABD9991F28F}") = "Tienda-Entidades", "Tienda-Entidades\Tienda-Entidades.vbproj", "{FDEB9D5B-9D2D-416A-B082-0D9EC178D31D}"
EndProject
Project("{F184B08F-C81C-45F6-A57F-5ABD9991F28F}") = "Tienda-LogicaNegocio", "Tienda-LogicaNegocio\Tienda-LogicaNegocio.vbproj", "{02BE18A5-C59B-449D-B751-112B6EEB2430}"
EndProject
Project("{F184B08F-C81C-45F6-A57F-5ABD9991F28F}") = "Tienda-Presentacion", "Tienda-Presentacion\Tienda-Presentacion.vbproj", "{76419750-DCA0-42D1-BCB6-093EB40EA5DD}"
EndProject
Global
	GlobalSection(SolutionConfigurationPlatforms) = preSolution
		Debug|Any CPU = Debug|Any CPU
		Release|Any CPU = Release|Any CPU
	EndGlobalSection
	GlobalSection(ProjectConfigurationPlatforms) = postSolution
		{0D849833-7F0F-438C-A8FC-171FA375FAF5}.Debug|Any CPU.ActiveCfg = Debug|Any CPU
		{0D849833-7F0F-438C-A8FC-171FA375FAF5}.Debug|Any CPU.Build.0 = Debug|Any CPU
		{0D849833-7F0F-438C-A8FC-171FA375FAF5}.Release|Any CPU.ActiveCfg = Release|Any CPU
		{0D849833-7F0F-438C-A8FC-171FA375FAF5}.Release|Any CPU.Build.0 = Release|Any CPU
		{FDEB9D5B-9D2D-416A-B082-0D9EC178D31D}.Debug|Any CPU.ActiveCfg = Debug|Any CPU
		{FDEB9D5B-9D2D-416A-B082-0D9EC178D31D}.Debug|Any CPU.Build.0 = Debug|Any CPU
		{FDEB9D5B-9D2D-416A-B082-0D9EC178D31D}.Release|Any CPU.ActiveCfg = Release|Any CPU
		{FDEB9D5B-9D2D-416A-B082-0D9EC178D31D}.Release|Any CPU.Build.0 = Release|Any CPU
		{02BE18A5-C59B-449D-B751-112B6EEB2430}.Debug|Any CPU.ActiveCfg = Debug|Any CPU
		{02BE18A5-C59B-449D-B751-112B6EEB2430}.Debug|Any CPU.Build.0 = Debug|Any CPU
		{02BE18A5-C59B-449D-B751-112B6EEB2430}.Release|Any CPU.ActiveCfg = Release|Any CPU
		{02BE18A5-C59B-449D-B751-112B6EEB2430}.Release|Any CPU.Build.0 = Release|Any CPU
		{76419750-DCA0-42D1-BCB6-093EB40EA5DD}.Debug|Any CPU.ActiveCfg = Debug|Any CPU
		{76419750-DCA0-42D1-BCB6-093EB40EA5DD}.Debug|Any CPU.Build.0 = Debug|Any CPU
		{76419750-DCA0-42D1-BCB6-093EB40EA5DD}.Release|Any CPU.ActiveCfg = Release|Any CPU
		{76419750-DCA0-42D1-BCB6-093EB40EA5DD}.Release|Any CPU.Build.0 = Release|Any CPU
	EndGlobalSection
	GlobalSection(SolutionProperties) = preSolution
		HideSolutionNode = FALSE
	EndGlobalSection
EndGlobal
