
Microsoft Visual Studio Solution File, Format Version 11.00
# Visual Basic Express 2010
Project("{F184B08F-C81C-45F6-A57F-5ABD9991F28F}") = "Libreria_Conexion", "Aplicacion\Libreria_Conexion.vbproj", "{AB1374DB-9941-4252-A8B6-004DDAF44008}"
EndProject
Project("{F184B08F-C81C-45F6-A57F-5ABD9991F28F}") = "Libreria_Datos", "Libreria_Datos\Libreria_Datos.vbproj", "{241E4DD9-1FB5-4613-8221-953F363495EB}"
EndProject
Project("{F184B08F-C81C-45F6-A57F-5ABD9991F28F}") = "Presentacion", "Presentacion\Presentacion.vbproj", "{3DEA72E0-267A-463F-8354-156A1D6E08FF}"
EndProject
Global
	GlobalSection(SolutionConfigurationPlatforms) = preSolution
		Debug|Any CPU = Debug|Any CPU
		Debug|Mixed Platforms = Debug|Mixed Platforms
		Debug|x86 = Debug|x86
		Release|Any CPU = Release|Any CPU
		Release|Mixed Platforms = Release|Mixed Platforms
		Release|x86 = Release|x86
	EndGlobalSection
	GlobalSection(ProjectConfigurationPlatforms) = postSolution
		{AB1374DB-9941-4252-A8B6-004DDAF44008}.Debug|Any CPU.ActiveCfg = Debug|Any CPU
		{AB1374DB-9941-4252-A8B6-004DDAF44008}.Debug|Any CPU.Build.0 = Debug|Any CPU
		{AB1374DB-9941-4252-A8B6-004DDAF44008}.Debug|Mixed Platforms.ActiveCfg = Debug|Any CPU
		{AB1374DB-9941-4252-A8B6-004DDAF44008}.Debug|Mixed Platforms.Build.0 = Debug|Any CPU
		{AB1374DB-9941-4252-A8B6-004DDAF44008}.Debug|x86.ActiveCfg = Debug|Any CPU
		{AB1374DB-9941-4252-A8B6-004DDAF44008}.Release|Any CPU.ActiveCfg = Release|Any CPU
		{AB1374DB-9941-4252-A8B6-004DDAF44008}.Release|Any CPU.Build.0 = Release|Any CPU
		{AB1374DB-9941-4252-A8B6-004DDAF44008}.Release|Mixed Platforms.ActiveCfg = Release|Any CPU
		{AB1374DB-9941-4252-A8B6-004DDAF44008}.Release|Mixed Platforms.Build.0 = Release|Any CPU
		{AB1374DB-9941-4252-A8B6-004DDAF44008}.Release|x86.ActiveCfg = Release|Any CPU
		{241E4DD9-1FB5-4613-8221-953F363495EB}.Debug|Any CPU.ActiveCfg = Debug|Any CPU
		{241E4DD9-1FB5-4613-8221-953F363495EB}.Debug|Any CPU.Build.0 = Debug|Any CPU
		{241E4DD9-1FB5-4613-8221-953F363495EB}.Debug|Mixed Platforms.ActiveCfg = Debug|Any CPU
		{241E4DD9-1FB5-4613-8221-953F363495EB}.Debug|Mixed Platforms.Build.0 = Debug|Any CPU
		{241E4DD9-1FB5-4613-8221-953F363495EB}.Debug|x86.ActiveCfg = Debug|Any CPU
		{241E4DD9-1FB5-4613-8221-953F363495EB}.Release|Any CPU.ActiveCfg = Release|Any CPU
		{241E4DD9-1FB5-4613-8221-953F363495EB}.Release|Any CPU.Build.0 = Release|Any CPU
		{241E4DD9-1FB5-4613-8221-953F363495EB}.Release|Mixed Platforms.ActiveCfg = Release|Any CPU
		{241E4DD9-1FB5-4613-8221-953F363495EB}.Release|Mixed Platforms.Build.0 = Release|Any CPU
		{241E4DD9-1FB5-4613-8221-953F363495EB}.Release|x86.ActiveCfg = Release|Any CPU
		{3DEA72E0-267A-463F-8354-156A1D6E08FF}.Debug|Any CPU.ActiveCfg = Debug|x86
		{3DEA72E0-267A-463F-8354-156A1D6E08FF}.Debug|Mixed Platforms.ActiveCfg = Debug|x86
		{3DEA72E0-267A-463F-8354-156A1D6E08FF}.Debug|Mixed Platforms.Build.0 = Debug|x86
		{3DEA72E0-267A-463F-8354-156A1D6E08FF}.Debug|x86.ActiveCfg = Debug|x86
		{3DEA72E0-267A-463F-8354-156A1D6E08FF}.Debug|x86.Build.0 = Debug|x86
		{3DEA72E0-267A-463F-8354-156A1D6E08FF}.Release|Any CPU.ActiveCfg = Release|x86
		{3DEA72E0-267A-463F-8354-156A1D6E08FF}.Release|Mixed Platforms.ActiveCfg = Release|x86
		{3DEA72E0-267A-463F-8354-156A1D6E08FF}.Release|Mixed Platforms.Build.0 = Release|x86
		{3DEA72E0-267A-463F-8354-156A1D6E08FF}.Release|x86.ActiveCfg = Release|x86
		{3DEA72E0-267A-463F-8354-156A1D6E08FF}.Release|x86.Build.0 = Release|x86
	EndGlobalSection
	GlobalSection(SolutionProperties) = preSolution
		HideSolutionNode = FALSE
	EndGlobalSection
EndGlobal
